{
  "version": "3",
  "packages": {
    "specifiers": {
      "npm:express@4.18.2": "npm:express@4.18.2"
    },
    "npm": {
      "accepts@1.3.8": {
        "integrity": "sha512-PYAthTa2m2VKxuvSD3DPC/Gy+U+sOA1LAuT8mkmRuvw+NACSaeXEQ+NHcVF7rONl6qcaxV3Uuemwawk+7+SJLw==",
        "dependencies": {
          "mime-types": "mime-types@2.1.35",
          "negotiator": "negotiator@0.6.3"
        }
      },
      "array-flatten@1.1.1": {
        "integrity": "sha512-PCVAQswWemu6UdxsDFFX/+gVeYqKAod3D3UVm91jHwynguOwAvYPhx8nNlM++NqRcK6CxxpUafjmhIdKiHibqg==",
        "dependencies": {}
      },
      "body-parser@1.20.1": {
        "integrity": "sha512-jWi7abTbYwajOytWCQc37VulmWiRae5RyTpaCyDcS5/lMdtwSz5lOpDE67srw/HYe35f1z3fDQw+3txg7gNtWw==",
        "dependencies": {
          "bytes": "bytes@3.1.2",
          "content-type": "content-type@1.0.5",
          "debug": "debug@2.6.9",
          "depd": "depd@2.0.0",
          "destroy": "destroy@1.2.0",
          "http-errors": "http-errors@2.0.0",
          "iconv-lite": "iconv-lite@0.4.24",
          "on-finished": "on-finished@2.4.1",
          "qs": "qs@6.11.0",
          "raw-body": "raw-body@2.5.1",
          "type-is": "type-is@1.6.18",
          "unpipe": "unpipe@1.0.0"
        }
      },
      "bytes@3.1.2": {
        "integrity": "sha512-/Nf7TyzTx6S3yRJObOAV7956r8cr2+Oj8AC5dt8wSP3BQAoeX58NoHyCU8P8zGkNXStjTSi6fzO6F0pBdcYbEg==",
        "dependencies": {}
      },
      "call-bind@1.0.5": {
        "integrity": "sha512-C3nQxfFZxFRVoJoGKKI8y3MOEo129NQ+FgQ08iye+Mk4zNZZGdjfs06bVTr+DBSlA66Q2VEcMki/cUCP4SercQ==",
        "dependencies": {
          "function-bind": "function-bind@1.1.2",
          "get-intrinsic": "get-intrinsic@1.2.2",
          "set-function-length": "set-function-length@1.1.1"
        }
      },
      "content-disposition@0.5.4": {
        "integrity": "sha512-FveZTNuGw04cxlAiWbzi6zTAL/lhehaWbTtgluJh4/E95DqMwTmha3KZN1aAWA8cFIhHzMZUvLevkw5Rqk+tSQ==",
        "dependencies": {
          "safe-buffer": "safe-buffer@5.2.1"
        }
      },
      "content-type@1.0.5": {
        "integrity": "sha512-nTjqfcBFEipKdXCv4YDQWCfmcLZKm81ldF0pAopTvyrFGVbcR6P/VAAd5G7N+0tTr8QqiU0tFadD6FK4NtJwOA==",
        "dependencies": {}
      },
      "cookie-signature@1.0.6": {
        "integrity": "sha512-QADzlaHc8icV8I7vbaJXJwod9HWYp8uCqf1xa4OfNu1T7JVxQIrUgOWtHdNDtPiywmFbiS12VjotIXLrKM3orQ==",
        "dependencies": {}
      },
      "cookie@0.5.0": {
        "integrity": "sha512-YZ3GUyn/o8gfKJlnlX7g7xq4gyO6OSuhGPKaaGssGB2qgDUS0gPgtTvoyZLTt9Ab6dC4hfc9dV5arkvc/OCmrw==",
        "dependencies": {}
      },
      "debug@2.6.9": {
        "integrity": "sha512-bC7ElrdJaJnPbAP+1EotYvqZsb3ecl5wi6Bfi6BJTUcNowp6cvspg0jXznRTKDjm/E7AdgFBVeAPVMNcKGsHMA==",
        "dependencies": {
          "ms": "ms@2.0.0"
        }
      },
      "define-data-property@1.1.1": {
        "integrity": "sha512-E7uGkTzkk1d0ByLeSc6ZsFS79Axg+m1P/VsgYsxHgiuc3tFSj+MjMIwe90FC4lOAZzNBdY7kkO2P2wKdsQ1vgQ==",
        "dependencies": {
          "get-intrinsic": "get-intrinsic@1.2.2",
          "gopd": "gopd@1.0.1",
          "has-property-descriptors": "has-property-descriptors@1.0.1"
        }
      },
      "depd@2.0.0": {
        "integrity": "sha512-g7nH6P6dyDioJogAAGprGpCtVImJhpPk/roCzdb3fIh61/s/nPsfR6onyMwkCAR/OlC3yBC0lESvUoQEAssIrw==",
        "dependencies": {}
      },
      "destroy@1.2.0": {
        "integrity": "sha512-2sJGJTaXIIaR1w4iJSNoN0hnMY7Gpc/n8D4qSCJw8QqFWXf7cuAgnEHxBpweaVcPevC2l3KpjYCx3NypQQgaJg==",
        "dependencies": {}
      },
      "ee-first@1.1.1": {
        "integrity": "sha512-WMwm9LhRUo+WUaRN+vRuETqG89IgZphVSNkdFgeb6sS/E4OrDIN7t48CAewSHXc6C8lefD8KKfr5vY61brQlow==",
        "dependencies": {}
      },
      "encodeurl@1.0.2": {
        "integrity": "sha512-TPJXq8JqFaVYm2CWmPvnP2Iyo4ZSM7/QKcSmuMLDObfpH5fi7RUGmd/rTDf+rut/saiDiQEeVTNgAmJEdAOx0w==",
        "dependencies": {}
      },
      "escape-html@1.0.3": {
        "integrity": "sha512-NiSupZ4OeuGwr68lGIeym/ksIZMJodUGOSCZ/FSnTxcrekbvqrgdUxlJOMpijaKZVjAJrWrGs/6Jy8OMuyj9ow==",
        "dependencies": {}
      },
      "etag@1.8.1": {
        "integrity": "sha512-aIL5Fx7mawVa300al2BnEE4iNvo1qETxLrPI/o05L7z6go7fCw1J6EQmbK4FmJ2AS7kgVF/KEZWufBfdClMcPg==",
        "dependencies": {}
      },
      "express@4.18.2": {
        "integrity": "sha512-5/PsL6iGPdfQ/lKM1UuielYgv3BUoJfz1aUwU9vHZ+J7gyvwdQXFEBIEIaxeGf0GIcreATNyBExtalisDbuMqQ==",
        "dependencies": {
          "accepts": "accepts@1.3.8",
          "array-flatten": "array-flatten@1.1.1",
          "body-parser": "body-parser@1.20.1",
          "content-disposition": "content-disposition@0.5.4",
          "content-type": "content-type@1.0.5",
          "cookie": "cookie@0.5.0",
          "cookie-signature": "cookie-signature@1.0.6",
          "debug": "debug@2.6.9",
          "depd": "depd@2.0.0",
          "encodeurl": "encodeurl@1.0.2",
          "escape-html": "escape-html@1.0.3",
          "etag": "etag@1.8.1",
          "finalhandler": "finalhandler@1.2.0",
          "fresh": "fresh@0.5.2",
          "http-errors": "http-errors@2.0.0",
          "merge-descriptors": "merge-descriptors@1.0.1",
          "methods": "methods@1.1.2",
          "on-finished": "on-finished@2.4.1",
          "parseurl": "parseurl@1.3.3",
          "path-to-regexp": "path-to-regexp@0.1.7",
          "proxy-addr": "proxy-addr@2.0.7",
          "qs": "qs@6.11.0",
          "range-parser": "range-parser@1.2.1",
          "safe-buffer": "safe-buffer@5.2.1",
          "send": "send@0.18.0",
          "serve-static": "serve-static@1.15.0",
          "setprototypeof": "setprototypeof@1.2.0",
          "statuses": "statuses@2.0.1",
          "type-is": "type-is@1.6.18",
          "utils-merge": "utils-merge@1.0.1",
          "vary": "vary@1.1.2"
        }
      },
      "finalhandler@1.2.0": {
        "integrity": "sha512-5uXcUVftlQMFnWC9qu/svkWv3GTd2PfUhK/3PLkYNAe7FbqJMt3515HaxE6eRL74GdsriiwujiawdaB1BpEISg==",
        "dependencies": {
          "debug": "debug@2.6.9",
          "encodeurl": "encodeurl@1.0.2",
          "escape-html": "escape-html@1.0.3",
          "on-finished": "on-finished@2.4.1",
          "parseurl": "parseurl@1.3.3",
          "statuses": "statuses@2.0.1",
          "unpipe": "unpipe@1.0.0"
        }
      },
      "forwarded@0.2.0": {
        "integrity": "sha512-buRG0fpBtRHSTCOASe6hD258tEubFoRLb4ZNA6NxMVHNw2gOcwHo9wyablzMzOA5z9xA9L1KNjk/Nt6MT9aYow==",
        "dependencies": {}
      },
      "fresh@0.5.2": {
        "integrity": "sha512-zJ2mQYM18rEFOudeV4GShTGIQ7RbzA7ozbU9I/XBpm7kqgMywgmylMwXHxZJmkVoYkna9d2pVXVXPdYTP9ej8Q==",
        "dependencies": {}
      },
      "function-bind@1.1.2": {
        "integrity": "sha512-7XHNxH7qX9xG5mIwxkhumTox/MIRNcOgDrxWsMt2pAr23WHp6MrRlN7FBSFpCpr+oVO0F744iUgR82nJMfG2SA==",
        "dependencies": {}
      },
      "get-intrinsic@1.2.2": {
        "integrity": "sha512-0gSo4ml/0j98Y3lngkFEot/zhiCeWsbYIlZ+uZOVgzLyLaUw7wxUL+nCTP0XJvJg1AXulJRI3UJi8GsbDuxdGA==",
        "dependencies": {
          "function-bind": "function-bind@1.1.2",
          "has-proto": "has-proto@1.0.1",
          "has-symbols": "has-symbols@1.0.3",
          "hasown": "hasown@2.0.0"
        }
      },
      "gopd@1.0.1": {
        "integrity": "sha512-d65bNlIadxvpb/A2abVdlqKqV563juRnZ1Wtk6s1sIR8uNsXR70xqIzVqxVf1eTqDunwT2MkczEeaezCKTZhwA==",
        "dependencies": {
          "get-intrinsic": "get-intrinsic@1.2.2"
        }
      },
      "has-property-descriptors@1.0.1": {
        "integrity": "sha512-VsX8eaIewvas0xnvinAe9bw4WfIeODpGYikiWYLH+dma0Jw6KHYqWiWfhQlgOVK8D6PvjubK5Uc4P0iIhIcNVg==",
        "dependencies": {
          "get-intrinsic": "get-intrinsic@1.2.2"
        }
      },
      "has-proto@1.0.1": {
        "integrity": "sha512-7qE+iP+O+bgF9clE5+UoBFzE65mlBiVj3tKCrlNQ0Ogwm0BjpT/gK4SlLYDMybDh5I3TCTKnPPa0oMG7JDYrhg==",
        "dependencies": {}
      },
      "has-symbols@1.0.3": {
        "integrity": "sha512-l3LCuF6MgDNwTDKkdYGEihYjt5pRPbEg46rtlmnSPlUbgmB8LOIrKJbYYFBSbnPaJexMKtiPO8hmeRjRz2Td+A==",
        "dependencies": {}
      },
      "hasown@2.0.0": {
        "integrity": "sha512-vUptKVTpIJhcczKBbgnS+RtcuYMB8+oNzPK2/Hp3hanz8JmpATdmmgLgSaadVREkDm+e2giHwY3ZRkyjSIDDFA==",
        "dependencies": {
          "function-bind": "function-bind@1.1.2"
        }
      },
      "http-errors@2.0.0": {
        "integrity": "sha512-FtwrG/euBzaEjYeRqOgly7G0qviiXoJWnvEH2Z1plBdXgbyjv34pHTSb9zoeHMyDy33+DWy5Wt9Wo+TURtOYSQ==",
        "dependencies": {
          "depd": "depd@2.0.0",
          "inherits": "inherits@2.0.4",
          "setprototypeof": "setprototypeof@1.2.0",
          "statuses": "statuses@2.0.1",
          "toidentifier": "toidentifier@1.0.1"
        }
      },
      "iconv-lite@0.4.24": {
        "integrity": "sha512-v3MXnZAcvnywkTUEZomIActle7RXXeedOR31wwl7VlyoXO4Qi9arvSenNQWne1TcRwhCL1HwLI21bEqdpj8/rA==",
        "dependencies": {
          "safer-buffer": "safer-buffer@2.1.2"
        }
      },
      "inherits@2.0.4": {
        "integrity": "sha512-k/vGaX4/Yla3WzyMCvTQOXYeIHvqOKtnqBduzTHpzpQZzAskKMhZ2K+EnBiSM9zGSoIFeMpXKxa4dYeZIQqewQ==",
        "dependencies": {}
      },
      "ipaddr.js@1.9.1": {
        "integrity": "sha512-0KI/607xoxSToH7GjN1FfSbLoU0+btTicjsQSWQlh/hZykN8KpmMf7uYwPW3R+akZ6R/w18ZlXSHBYXiYUPO3g==",
        "dependencies": {}
      },
      "media-typer@0.3.0": {
        "integrity": "sha512-dq+qelQ9akHpcOl/gUVRTxVIOkAJ1wR3QAvb4RsVjS8oVoFjDGTc679wJYmUmknUF5HwMLOgb5O+a3KxfWapPQ==",
        "dependencies": {}
      },
      "merge-descriptors@1.0.1": {
        "integrity": "sha512-cCi6g3/Zr1iqQi6ySbseM1Xvooa98N0w31jzUYrXPX2xqObmFGHJ0tQ5u74H3mVh7wLouTseZyYIq39g8cNp1w==",
        "dependencies": {}
      },
      "methods@1.1.2": {
        "integrity": "sha512-iclAHeNqNm68zFtnZ0e+1L2yUIdvzNoauKU4WBA3VvH/vPFieF7qfRlwUZU+DA9P9bPXIS90ulxoUoCH23sV2w==",
        "dependencies": {}
      },
      "mime-db@1.52.0": {
        "integrity": "sha512-sPU4uV7dYlvtWJxwwxHD0PuihVNiE7TyAbQ5SWxDCB9mUYvOgroQOwYQQOKPJ8CIbE+1ETVlOoK1UC2nU3gYvg==",
        "dependencies": {}
      },
      "mime-types@2.1.35": {
        "integrity": "sha512-ZDY+bPm5zTTF+YpCrAU9nK0UgICYPT0QtT1NZWFv4s++TNkcgVaT0g6+4R2uI4MjQjzysHB1zxuWL50hzaeXiw==",
        "dependencies": {
          "mime-db": "mime-db@1.52.0"
        }
      },
      "mime@1.6.0": {
        "integrity": "sha512-x0Vn8spI+wuJ1O6S7gnbaQg8Pxh4NNHb7KSINmEWKiPE4RKOplvijn+NkmYmmRgP68mc70j2EbeTFRsrswaQeg==",
        "dependencies": {}
      },
      "ms@2.0.0": {
        "integrity": "sha512-Tpp60P6IUJDTuOq/5Z8cdskzJujfwqfOTkrwIwj7IRISpnkJnT6SyJ4PCPnGMoFjC9ddhal5KVIYtAt97ix05A==",
        "dependencies": {}
      },
      "ms@2.1.3": {
        "integrity": "sha512-6FlzubTLZG3J2a/NVCAleEhjzq5oxgHyaCU9yYXvcLsvoVaHJq/s5xXI6/XXP6tz7R9xAOtHnSO/tXtF3WRTlA==",
        "dependencies": {}
      },
      "negotiator@0.6.3": {
        "integrity": "sha512-+EUsqGPLsM+j/zdChZjsnX51g4XrHFOIXwfnCVPGlQk/k5giakcKsuxCObBRu6DSm9opw/O6slWbJdghQM4bBg==",
        "dependencies": {}
      },
      "object-inspect@1.13.1": {
        "integrity": "sha512-5qoj1RUiKOMsCCNLV1CBiPYE10sziTsnmNxkAI/rZhiD63CF7IqdFGC/XzjWjpSgLf0LxXX3bDFIh0E18f6UhQ==",
        "dependencies": {}
      },
      "on-finished@2.4.1": {
        "integrity": "sha512-oVlzkg3ENAhCk2zdv7IJwd/QUD4z2RxRwpkcGY8psCVcCYZNq4wYnVWALHM+brtuJjePWiYF/ClmuDr8Ch5+kg==",
        "dependencies": {
          "ee-first": "ee-first@1.1.1"
        }
      },
      "parseurl@1.3.3": {
        "integrity": "sha512-CiyeOxFT/JZyN5m0z9PfXw4SCBJ6Sygz1Dpl0wqjlhDEGGBP1GnsUVEL0p63hoG1fcj3fHynXi9NYO4nWOL+qQ==",
        "dependencies": {}
      },
      "path-to-regexp@0.1.7": {
        "integrity": "sha512-5DFkuoqlv1uYQKxy8omFBeJPQcdoE07Kv2sferDCrAq1ohOU+MSDswDIbnx3YAM60qIOnYa53wBhXW0EbMonrQ==",
        "dependencies": {}
      },
      "proxy-addr@2.0.7": {
        "integrity": "sha512-llQsMLSUDUPT44jdrU/O37qlnifitDP+ZwrmmZcoSKyLKvtZxpyV0n2/bD/N4tBAAZ/gJEdZU7KMraoK1+XYAg==",
        "dependencies": {
          "forwarded": "forwarded@0.2.0",
          "ipaddr.js": "ipaddr.js@1.9.1"
        }
      },
      "qs@6.11.0": {
        "integrity": "sha512-MvjoMCJwEarSbUYk5O+nmoSzSutSsTwF85zcHPQ9OrlFoZOYIjaqBAJIqIXjptyD5vThxGq52Xu/MaJzRkIk4Q==",
        "dependencies": {
          "side-channel": "side-channel@1.0.4"
        }
      },
      "range-parser@1.2.1": {
        "integrity": "sha512-Hrgsx+orqoygnmhFbKaHE6c296J+HTAQXoxEF6gNupROmmGJRoyzfG3ccAveqCBrwr/2yxQ5BVd/GTl5agOwSg==",
        "dependencies": {}
      },
      "raw-body@2.5.1": {
        "integrity": "sha512-qqJBtEyVgS0ZmPGdCFPWJ3FreoqvG4MVQln/kCgF7Olq95IbOp0/BWyMwbdtn4VTvkM8Y7khCQ2Xgk/tcrCXig==",
        "dependencies": {
          "bytes": "bytes@3.1.2",
          "http-errors": "http-errors@2.0.0",
          "iconv-lite": "iconv-lite@0.4.24",
          "unpipe": "unpipe@1.0.0"
        }
      },
      "safe-buffer@5.2.1": {
        "integrity": "sha512-rp3So07KcdmmKbGvgaNxQSJr7bGVSVk5S9Eq1F+ppbRo70+YeaDxkw5Dd8NPN+GD6bjnYm2VuPuCXmpuYvmCXQ==",
        "dependencies": {}
      },
      "safer-buffer@2.1.2": {
        "integrity": "sha512-YZo3K82SD7Riyi0E1EQPojLz7kpepnSQI9IyPbHHg1XXXevb5dJI7tpyN2ADxGcQbHG7vcyRHk0cbwqcQriUtg==",
        "dependencies": {}
      },
      "send@0.18.0": {
        "integrity": "sha512-qqWzuOjSFOuqPjFe4NOsMLafToQQwBSOEpS+FwEt3A2V3vKubTquT3vmLTQpFgMXp8AlFWFuP1qKaJZOtPpVXg==",
        "dependencies": {
          "debug": "debug@2.6.9",
          "depd": "depd@2.0.0",
          "destroy": "destroy@1.2.0",
          "encodeurl": "encodeurl@1.0.2",
          "escape-html": "escape-html@1.0.3",
          "etag": "etag@1.8.1",
          "fresh": "fresh@0.5.2",
          "http-errors": "http-errors@2.0.0",
          "mime": "mime@1.6.0",
          "ms": "ms@2.1.3",
          "on-finished": "on-finished@2.4.1",
          "range-parser": "range-parser@1.2.1",
          "statuses": "statuses@2.0.1"
        }
      },
      "serve-static@1.15.0": {
        "integrity": "sha512-XGuRDNjXUijsUL0vl6nSD7cwURuzEgglbOaFuZM9g3kwDXOWVTck0jLzjPzGD+TazWbboZYu52/9/XPdUgne9g==",
        "dependencies": {
          "encodeurl": "encodeurl@1.0.2",
          "escape-html": "escape-html@1.0.3",
          "parseurl": "parseurl@1.3.3",
          "send": "send@0.18.0"
        }
      },
      "set-function-length@1.1.1": {
        "integrity": "sha512-VoaqjbBJKiWtg4yRcKBQ7g7wnGnLV3M8oLvVWwOk2PdYY6PEFegR1vezXR0tw6fZGF9csVakIRjrJiy2veSBFQ==",
        "dependencies": {
          "define-data-property": "define-data-property@1.1.1",
          "get-intrinsic": "get-intrinsic@1.2.2",
          "gopd": "gopd@1.0.1",
          "has-property-descriptors": "has-property-descriptors@1.0.1"
        }
      },
      "setprototypeof@1.2.0": {
        "integrity": "sha512-E5LDX7Wrp85Kil5bhZv46j8jOeboKq5JMmYM3gVGdGH8xFpPWXUMsNrlODCrkoxMEeNi/XZIwuRvY4XNwYMJpw==",
        "dependencies": {}
      },
      "side-channel@1.0.4": {
        "integrity": "sha512-q5XPytqFEIKHkGdiMIrY10mvLRvnQh42/+GoBlFW3b2LXLE2xxJpZFdm94we0BaoV3RwJyGqg5wS7epxTv0Zvw==",
        "dependencies": {
          "call-bind": "call-bind@1.0.5",
          "get-intrinsic": "get-intrinsic@1.2.2",
          "object-inspect": "object-inspect@1.13.1"
        }
      },
      "statuses@2.0.1": {
        "integrity": "sha512-RwNA9Z/7PrK06rYLIzFMlaF+l73iwpzsqRIFgbMLbTcLD6cOao82TaWefPXQvB2fOC4AjuYSEndS7N/mTCbkdQ==",
        "dependencies": {}
      },
      "toidentifier@1.0.1": {
        "integrity": "sha512-o5sSPKEkg/DIQNmH43V0/uerLrpzVedkUh8tGNvaeXpfpuwjKenlSox/2O/BTlZUtEe+JG7s5YhEz608PlAHRA==",
        "dependencies": {}
      },
      "type-is@1.6.18": {
        "integrity": "sha512-TkRKr9sUTxEH8MdfuCSP7VizJyzRNMjj2J2do2Jr3Kym598JVdEksuzPQCnlFPW4ky9Q+iA+ma9BGm06XQBy8g==",
        "dependencies": {
          "media-typer": "media-typer@0.3.0",
          "mime-types": "mime-types@2.1.35"
        }
      },
      "unpipe@1.0.0": {
        "integrity": "sha512-pjy2bYhSsufwWlKwPc+l3cN7+wuJlK6uz0YdJEOlQDbl6jo/YlPi4mb8agUkVC8BF7V8NuzeyPNqRksA3hztKQ==",
        "dependencies": {}
      },
      "utils-merge@1.0.1": {
        "integrity": "sha512-pMZTvIkT1d+TFGvDOqodOclx0QWkkgi6Tdoa8gC8ffGAAqz9pzPTZWAybbsHHoED/ztMtkv/VoYTYyShUn81hA==",
        "dependencies": {}
      },
      "vary@1.1.2": {
        "integrity": "sha512-BNGbWLfd0eUPabhkXUVm0j8uuvREyTh5ovRa/dyow/BqAbZJyC+5fU+IzQOzmAKzYqYRAISoRhdQr3eIZ/PXqg==",
        "dependencies": {}
      }
    }
  },
  "remote": {
    "https://deno.land/x/eta@v3.1.0/src/compile-string.ts": "4f66617fb16ba227fa211cf1dc5f201ff57b2183f74882d6f4d24bde23817e89",
    "https://deno.land/x/eta@v3.1.0/src/compile.ts": "146782227ddd5c423d07dedb2be40a2a5643c7429d9a3af5ac9a79c21bf7ae95",
    "https://deno.land/x/eta@v3.1.0/src/config.ts": "7e2971ba3ec4b31b5f1ae0ea71957f0a2b868285192be77836d65ca27adb4f90",
    "https://deno.land/x/eta@v3.1.0/src/core.ts": "b0f74d80ef0d42f5409297661279a86aec40c42efd0bd4bf31f8ee042d1fc01f",
    "https://deno.land/x/eta@v3.1.0/src/err.ts": "e9732b5f7fe729fed9d67868ff7d87ef1002d45d0a8a4e8f7fb1fa9ec2e2d50b",
    "https://deno.land/x/eta@v3.1.0/src/file-handling.ts": "ac54a84c4e73f47629d69725b8557080caf4e03cf34413b4a2a3f3a10c0abb25",
    "https://deno.land/x/eta@v3.1.0/src/index.ts": "fa1e18db556462293408c7a455b05b5253aae460c97811f88bb023cdc3f95f62",
    "https://deno.land/x/eta@v3.1.0/src/parse.ts": "8cb25b4ccf58ea7f08fe9835f7eb8bf45917d6d743d28d1e25cadc9fc908cb32",
    "https://deno.land/x/eta@v3.1.0/src/render.ts": "bfd57548d5fdae11c1c1683ff748783c1f85be3db3c24fcc80ce915692b004dd",
    "https://deno.land/x/eta@v3.1.0/src/storage.ts": "c40bd31cdd6f1218c86f70067282709e2f2c7fa7eea67547be950e1ed5d4bd4c",
    "https://deno.land/x/eta@v3.1.0/src/utils.ts": "1994c8d228195558fb6785fb00a97cf21a457df598a6ab1945170f7a4b7f00d9",
    "https://esm.sh/express@4.18.2": "bff8eb22bae79bb21558383e399bdd19b3274266eff2988045a679bc015e16dd",
    "https://esm.sh/remark-frontmatter@5.0.0": "9c32604479ecbd85116b6256d4626e237f39c69993d1b6a0e143b74eec3c96eb",
    "https://esm.sh/remark-parse@11.0.0": "04d335dacbf824fb751d1b45356358349b8dfb2a565c19f397e9e2d325001046",
    "https://esm.sh/remark-stringify@11.0.0": "17839eafca893367ee5c3adb2f829cdd97f6b24ddf61f10804ec82049f0c7dea",
    "https://esm.sh/remark-wiki-link@2.0.1": "11b90ac21a7a01afa974c1900da62591ce02bd4cff822a3cb37fc388c027a83a",
    "https://esm.sh/unified@11.0.4": "b6c4cba1a261bcb0448f72ac0a080772135407e0e6d26da2e978be97a56c116c",
    "https://esm.sh/unist-util-visit@5.0.0": "39c6a28445ca31c6ad1e97c663c9d6f86d8820a2b5893c77e2d363cb630c8dc5",
    "https://esm.sh/v135/accepts@1.3.8/denonext/accepts.mjs": "322a9733d52bf25517686a83af0de3a4597e067d118dd669fc0b96c43d7df1e4",
    "https://esm.sh/v135/bail@2.0.2/denonext/bail.mjs": "cab740cf24417dfad8567cbb78a49ae7e492ecca299f2b3185520805aba4d073",
    "https://esm.sh/v135/body-parser@1.20.1/denonext/body-parser.mjs": "9192ba64863c20bed555426f13fdf1b628dedff3a3106cd19a5a69a6c989ba83",
    "https://esm.sh/v135/bytes@3.1.2/denonext/bytes.mjs": "727f99cf6d5675ef6f5095c87c810c4117074bad2fcb164eac15abdec967d6c1",
    "https://esm.sh/v135/call-bind@1.0.5/denonext/callBound.js": "bc9a8f2928b32f3e6a3f7f55c557e68bf05683b297fe6146eaee7a197dcdeb62",
    "https://esm.sh/v135/character-entities@2.0.2/denonext/character-entities.mjs": "9e8657f056310ac3ca8058eaf96cef695ee13a4bf6c302674796a882464f305c",
    "https://esm.sh/v135/content-disposition@0.5.4/denonext/content-disposition.mjs": "fb55aece0707ff2476ad324c7ed9edb74cef867510edcc771b55940b7d4e36a0",
    "https://esm.sh/v135/content-type@1.0.5/denonext/content-type.mjs": "0a76f5bf728090f75a34f227efe77a9ad37c0eaa10539e012bc5dc059b9657fa",
    "https://esm.sh/v135/cookie-signature@1.0.6/denonext/cookie-signature.mjs": "67a2f0d8c2c33165424b5d5c363baeae7b8d03ab88fe146859d8e967c6a86410",
    "https://esm.sh/v135/cookie@0.5.0/denonext/cookie.mjs": "0a77faad2fd5a00b39f51b7d7ab08f9bf18f3908d3eb4559cf58fc687f9f9983",
    "https://esm.sh/v135/debug@2.6.9/denonext/debug.mjs": "7f9108f68aa2405666a7eaaac594d67edf26a431364a01d304d2a4daedcf3e5e",
    "https://esm.sh/v135/decode-named-character-reference@1.0.2/denonext/decode-named-character-reference.mjs": "1a5a8f9cbe302be478e964ab701be8644dbdfd4d8ce9f14de186cf84ee2a4bc1",
    "https://esm.sh/v135/define-data-property@1.1.1/denonext/define-data-property.mjs": "75d78b08cc438962589822efb5946e3b8246bf9d95bedb043092f9a794876f3d",
    "https://esm.sh/v135/depd@2.0.0/denonext/depd.mjs": "fda65d2a966c5228c771a03b7756a5be1579e99ce7395f739985d0833c7207fd",
    "https://esm.sh/v135/destroy@1.2.0/denonext/destroy.mjs": "eaa02ce589c79ed2ebd90b3fc11dd28cab7886bfbc24e8b91cc4256f1f15cc5c",
    "https://esm.sh/v135/devlop@1.1.0/denonext/devlop.mjs": "05fffa5a5168daec45963b784734dbc468758e130a340af874adfe0d457e394a",
    "https://esm.sh/v135/ee-first@1.1.1/denonext/ee-first.mjs": "c655caffe0672068733c5cfdfbec78642a8fbf64b4ce3c9fc32f401efefeaa1a",
    "https://esm.sh/v135/encodeurl@1.0.2/denonext/encodeurl.mjs": "dccc811e5af731341108e5af6a0ce67f8c948f35bb2b269bd0ea70e1475511e4",
    "https://esm.sh/v135/escape-html@1.0.3/denonext/escape-html.mjs": "836d29b9da47c2ac09ffa144f01a4726a38b4e4a9748e37cd115a6316aed2b00",
    "https://esm.sh/v135/escape-string-regexp@5.0.0/denonext/escape-string-regexp.mjs": "6080dd39c43a11f999a41172a27b8c58572d747d8276c039d93d4be8b21747a5",
    "https://esm.sh/v135/etag@1.8.1/denonext/etag.mjs": "0343ae4cd11da8da95460e10a4b8e0a5b24a0941ce1678bdf7ddfb0a36703f46",
    "https://esm.sh/v135/express@4.18.2/denonext/express.mjs": "69f3867dc98b01300dba598c42f3f892eb492a758a724123bfb688099e01731c",
    "https://esm.sh/v135/extend@3.0.2/denonext/extend.mjs": "6ab9e4890dfa54ec88fa326fca525c211141d6da72188f54e9610d1281219c9e",
    "https://esm.sh/v135/fault@2.0.1/denonext/fault.mjs": "3020bde23eea0e686b9fa20ede62ffe834ad796eb94d041ebb2cb345883fdc94",
    "https://esm.sh/v135/finalhandler@1.2.0/denonext/finalhandler.mjs": "dafe353c8f403f85067d7d0c854a8fff9ebebb1eda434fda32d7ca4a6cdedfd1",
    "https://esm.sh/v135/format@0.2.2/denonext/format.mjs": "4b5f307e1a0dab630893e8f5c91c4b38541d29b640ba6977adfecb2a22d3647d",
    "https://esm.sh/v135/forwarded@0.2.0/denonext/forwarded.mjs": "72e79cf9e130e81a182f26af69493c8f20857b6f03623f16b3afe9e18b25411d",
    "https://esm.sh/v135/fresh@0.5.2/denonext/fresh.mjs": "e43787c17dea3cbe8bfed87a051ebb57eaf40d42d34931db2638d437d1766429",
    "https://esm.sh/v135/function-bind@1.1.2/denonext/function-bind.mjs": "ba026f8203d5631c23f48de9829c300fea74e2c9b333d06e4f220ae774557ad1",
    "https://esm.sh/v135/get-intrinsic@1.2.2/denonext/get-intrinsic.mjs": "f9ed58df1bb1201efc1ab14f7da5ebe5a000b220c6de9430a594d088909742d2",
    "https://esm.sh/v135/gopd@1.0.1/denonext/gopd.mjs": "9f8a99c477f272b7e75f0c1f55e43ebb57b121245f403769eb853589a8e31b49",
    "https://esm.sh/v135/has-property-descriptors@1.0.1/denonext/has-property-descriptors.mjs": "337d42b1af52a1b68ced55841674d47c33e26da3843119e98a8ae5971aaf194f",
    "https://esm.sh/v135/has-proto@1.0.1/denonext/has-proto.mjs": "443f9773e464b39534dbecaee040e5de8384e8efaeea7a6d3e333df4069d1f85",
    "https://esm.sh/v135/has-symbols@1.0.3/denonext/has-symbols.mjs": "452727b5dbec94d538c5e8e062ed82bee701c3b752eb21e6189978e92292b7c6",
    "https://esm.sh/v135/hasown@2.0.0/denonext/hasown.mjs": "ba954305c23d6c4059f02f6b244bdbf45349e1228e3570ea3dc096d418b9f2f8",
    "https://esm.sh/v135/http-errors@2.0.0/denonext/http-errors.mjs": "a0b451acc9c815d5e55a94a1c9bf68b83db9d66be78313d76c6beee40623ca8e",
    "https://esm.sh/v135/iconv-lite@0.4.24/denonext/iconv-lite.mjs": "58ae7118ac00d9cae4b8ac0841281999a4f4af0fac54b60cc286fb8f09cdd9ef",
    "https://esm.sh/v135/inherits@2.0.4/denonext/inherits.mjs": "8095f3d6aea060c904fb24ae50f2882779c0acbe5d56814514c8b5153f3b4b3b",
    "https://esm.sh/v135/ipaddr.js@1.9.1/denonext/ipaddr.mjs": "b53fc977cda5b9ee595ccf9693a02bd6cc9741c51e5d0002b7677bcbd7f300b2",
    "https://esm.sh/v135/is-plain-obj@4.1.0/denonext/is-plain-obj.mjs": "d3d86a7174ad7935de7b00f904b6424c103bce530c502efb7f42114cbb1a555f",
    "https://esm.sh/v135/longest-streak@3.1.0/denonext/longest-streak.mjs": "97b1d8c42d407e285971fea218d89a0404270c3b841a26ec62b83f62450ad573",
    "https://esm.sh/v135/mdast-util-from-markdown@2.0.0/denonext/mdast-util-from-markdown.mjs": "30a0b1f34afa2c946dc1b401a8f42d7e3cc85a9c5b77ce95276f028b24c10fcf",
    "https://esm.sh/v135/mdast-util-frontmatter@2.0.1/denonext/mdast-util-frontmatter.mjs": "dfb474bd8936e7fd27efe0d26190fa29487e56d83c204c2b03dd0a31c97c69ac",
    "https://esm.sh/v135/mdast-util-phrasing@4.0.0/denonext/mdast-util-phrasing.mjs": "ed30057d1949bdde664291eaa5e11ea8c765f573a5c38eba60b099ffd3612f42",
    "https://esm.sh/v135/mdast-util-to-markdown@2.1.0/denonext/mdast-util-to-markdown.mjs": "45752d146270661e71f91869eba6f6c434b3f564a005542d0e5dbebc8734e45e",
    "https://esm.sh/v135/mdast-util-to-string@4.0.0/denonext/mdast-util-to-string.mjs": "eda9725fc0c7dc0e7b56998d2d8e4f29312cc5493cb7834c70f32fab2609103b",
    "https://esm.sh/v135/media-typer@0.3.0/denonext/media-typer.mjs": "40ea9972d4a533872bd3403f95a32f1faddd04817be75597287a7cad60b0a96a",
    "https://esm.sh/v135/merge-descriptors@1.0.1/denonext/merge-descriptors.mjs": "de42c926d830041381e6e36fdb576a272047853a01e8d158a59197586a8d11b0",
    "https://esm.sh/v135/methods@1.1.2/denonext/methods.mjs": "df1fa8e775f52f9f2ee5edc8ae6a1f587196e535579dd55dd0ac222a0ecbf039",
    "https://esm.sh/v135/micromark-core-commonmark@2.0.0/denonext/micromark-core-commonmark.mjs": "29686a813f2fa7fc1801c9c6142f71e32e605e6cf8bb8a9afeab78c814f0216c",
    "https://esm.sh/v135/micromark-extension-frontmatter@2.0.0/denonext/micromark-extension-frontmatter.mjs": "2a84ae8c0949b9206d2f56e1b2fef5c7fa80e5357be3d975f6a27dc09c56a7de",
    "https://esm.sh/v135/micromark-factory-destination@2.0.0/denonext/micromark-factory-destination.mjs": "84dadab4182836ff8c4437e9a384a6e3488496848641c9868334d8a6b7658331",
    "https://esm.sh/v135/micromark-factory-label@2.0.0/denonext/micromark-factory-label.mjs": "0d4877dbb95c2bf635d48d8d44a243ab0c6830f68c76289c9d92730871b88170",
    "https://esm.sh/v135/micromark-factory-space@2.0.0/denonext/micromark-factory-space.mjs": "1ac7c90dec53f7f634767c5470c2dcf204f4df99ec318a27832786153d5c8110",
    "https://esm.sh/v135/micromark-factory-title@2.0.0/denonext/micromark-factory-title.mjs": "1b202816c09c57894c8e254962ffbd8ad559439b0eb90ff0eca743f0dbfff470",
    "https://esm.sh/v135/micromark-factory-whitespace@2.0.0/denonext/micromark-factory-whitespace.mjs": "f85efacaec053453a9445b4147d2fb7ce02c1d083f0b0da9a730a112ff934d9e",
    "https://esm.sh/v135/micromark-util-character@2.0.1/denonext/micromark-util-character.mjs": "18b451d148e1ccc3a9b18e5c4061d44a0485e8ec65ad805d20b2950a51c7213b",
    "https://esm.sh/v135/micromark-util-chunked@2.0.0/denonext/micromark-util-chunked.mjs": "531cf323ba53649fdc30cd39ebba54253dfd847a4b23f806058ecc6cf67bca69",
    "https://esm.sh/v135/micromark-util-classify-character@2.0.0/denonext/micromark-util-classify-character.mjs": "7e78c1341df2227c29cf5125c17f29bec3887bf8a3178476e129740271bdbd96",
    "https://esm.sh/v135/micromark-util-combine-extensions@2.0.0/denonext/micromark-util-combine-extensions.mjs": "68268c6cb6119bc8b0865156e81a360a3b94cd73bddbb9a2a33eda627e51573a",
    "https://esm.sh/v135/micromark-util-decode-numeric-character-reference@2.0.1/denonext/micromark-util-decode-numeric-character-reference.mjs": "284addb1c2303e02ca074d6a5e529c8c9c3cdb58b6815669e2ec65a2f717cf28",
    "https://esm.sh/v135/micromark-util-decode-string@2.0.0/denonext/micromark-util-decode-string.mjs": "c9abaf0b645a2ca8dd0a8d988a7a25173f4bc5e46154d2875890507c0d2e5a51",
    "https://esm.sh/v135/micromark-util-encode@2.0.0/denonext/micromark-util-encode.mjs": "6077703d774b2fd968ef53977add5d5d1e39ca0db74c5ee4359c540a5febcf48",
    "https://esm.sh/v135/micromark-util-html-tag-name@2.0.0/denonext/micromark-util-html-tag-name.mjs": "a32f6a4aa82498405a88103fd5b0b2e27a8c7f27dc506862f993bf1a1f1716b6",
    "https://esm.sh/v135/micromark-util-normalize-identifier@2.0.0/denonext/micromark-util-normalize-identifier.mjs": "f5b933ea50544d63e505ef11b7f257b97c5056e06417bac15ec02d3f00174c0e",
    "https://esm.sh/v135/micromark-util-resolve-all@2.0.0/denonext/micromark-util-resolve-all.mjs": "c11d87d63d808a26231323012295490931159830a66c00854693ec9279fa09fd",
    "https://esm.sh/v135/micromark-util-sanitize-uri@2.0.0/denonext/micromark-util-sanitize-uri.mjs": "cde22cced5a18a41dcdacbad2cc9e6fc930450118bff7dd764e60eea4aa6c5b5",
    "https://esm.sh/v135/micromark-util-subtokenize@2.0.0/denonext/micromark-util-subtokenize.mjs": "670326123b1f9d91218cee035248437b97e5b6828f1d1eb01d40bc46f89bdc64",
    "https://esm.sh/v135/micromark@4.0.0/denonext/micromark.mjs": "dc73ed793c5bbc49ad7201a326fc724d08bc94372a291c184167b22c4edc320d",
    "https://esm.sh/v135/mime-db@1.52.0/denonext/mime-db.mjs": "52b5de94b0afa2139224f83773d90861fbc2fca6a1994f1a00a52733e14f4720",
    "https://esm.sh/v135/mime-types@2.1.35/denonext/mime-types.mjs": "17e735bb133c14d5f6e1e5fe26e92d9e4e10c738f7154ed12ff34c9a74a492cd",
    "https://esm.sh/v135/mime@1.6.0/denonext/mime.mjs": "bc4254368bab3d9b5b6c49cf3c5812410cd4ef0d2d1e4356fe9b4f2d65a0c0b9",
    "https://esm.sh/v135/ms@2.0.0/denonext/ms.mjs": "3d3c2d9fc775a062db98f0d6da4e660539a5a2f3fc30a017f8381c48e06eb547",
    "https://esm.sh/v135/ms@2.1.3/denonext/ms.mjs": "0f06597e493998793b8f52232868976128fca326eec3bcd56f10e66e6efd1839",
    "https://esm.sh/v135/negotiator@0.6.3/denonext/negotiator.mjs": "00b4932ba3f3502ac746fd05716058f72d272629bc9c49e286ac483ebb928077",
    "https://esm.sh/v135/object-inspect@1.13.1/denonext/object-inspect.mjs": "5792b0c8afecacc836f58bae74de5ae3cc14c42db9ad40689308a051fb2b432b",
    "https://esm.sh/v135/on-finished@2.4.1/denonext/on-finished.mjs": "70097c8fecc444842cc0442a4d6311bd785367e1c71d81d3854151a0baedda52",
    "https://esm.sh/v135/parseurl@1.3.3/denonext/parseurl.mjs": "2ce692590dbef75165d259963e2ad99007ef617b74b865cb8072ceefe53290ac",
    "https://esm.sh/v135/path-to-regexp@0.1.7/denonext/path-to-regexp.mjs": "1882fa76d8b6aa20a9bcc1a926cbf1a1b6476cb41bec4ee54d6bf33ae627dbee",
    "https://esm.sh/v135/proxy-addr@2.0.7/denonext/proxy-addr.mjs": "485dde079d137ca798c63a545eeb1a4bcf1b621228bdfc8cb480119385ccead3",
    "https://esm.sh/v135/qs@6.11.0/denonext/qs.mjs": "7c4e41ccbcbc4329e2158cc4c9867e159e1f0dc605475c610de52c28dd34c3eb",
    "https://esm.sh/v135/range-parser@1.2.1/denonext/range-parser.mjs": "6c949446640944b4f877b1023adbedbe9c981b960cee369f9a3f7c3dcc3fbee1",
    "https://esm.sh/v135/raw-body@2.5.1/denonext/raw-body.mjs": "977fde36d19847836f66224e7cb86675963d5a87045d466c54f31dd365eb5398",
    "https://esm.sh/v135/remark-frontmatter@5.0.0/denonext/remark-frontmatter.mjs": "03e034e1a55ecacfd78dd6511f64c73c9a1ce4a92ad99bf23e9689b7be7f2356",
    "https://esm.sh/v135/remark-parse@11.0.0/denonext/remark-parse.mjs": "7dacc285a7a98c4c15fe384903b210a05400dacb147ce30355453e18a71c2075",
    "https://esm.sh/v135/remark-stringify@11.0.0/denonext/remark-stringify.mjs": "32e30f4eed9414263ec6a93d24608a59560614de008d2ccf3655e7d6e78732a0",
    "https://esm.sh/v135/remark-wiki-link@2.0.1/denonext/remark-wiki-link.mjs": "b38faac414d0ab4445a4dbf3120a2db62febcfebcb0ab6a9aed2d57b01fb0aaa",
    "https://esm.sh/v135/safe-buffer@5.2.1/denonext/safe-buffer.mjs": "facbcb4f4622e13062978522fa12c42cae4e12f55b0e1d3fa1c4bc751bd827c7",
    "https://esm.sh/v135/safer-buffer@2.1.2/denonext/safer-buffer.mjs": "ce0e787812c668ba082ad5b75958490c714b6e05836bd5b6013d9f75727c006f",
    "https://esm.sh/v135/send@0.18.0/denonext/send.mjs": "55a4fc5d3c46a4b1cf13772f106d5cc9d5d55b7765fbe8bb01731092ef425aba",
    "https://esm.sh/v135/serve-static@1.15.0/denonext/serve-static.mjs": "1fdc78cb5f4079ed71cf15480561617c6692270316d3e4b0518d174a12960a0a",
    "https://esm.sh/v135/set-function-length@1.1.1/denonext/set-function-length.mjs": "f4f9b843c715b07a2f4bd81c31bd7bc766a2de6391fe4467cfa46212ca61e695",
    "https://esm.sh/v135/setprototypeof@1.2.0/denonext/setprototypeof.mjs": "3c433ff9b1f70f65d63ad4320ed48ed97a61393cfe63f9582154c5ef4c1e4ae3",
    "https://esm.sh/v135/side-channel@1.0.4/denonext/side-channel.mjs": "ef542973ad0f7a84fd76f5d5613e08693ad52ba930a2cf422da75a70afcd2f81",
    "https://esm.sh/v135/statuses@2.0.1/denonext/statuses.mjs": "04eebf4fa5711688b325f7c7b29b31c012cf797b15795832c9b9db65a3f16a5d",
    "https://esm.sh/v135/toidentifier@1.0.1/denonext/toidentifier.mjs": "096561de448c16b623c023497eea7ce6232a0c6684bd500761cd35eedd5ed73d",
    "https://esm.sh/v135/trough@2.1.0/denonext/trough.mjs": "d7c1b66bf8739a28bcc6bbf17919f6b54b7b25cceabfb0e694d192232c83f1fd",
    "https://esm.sh/v135/type-is@1.6.18/denonext/type-is.mjs": "6aa1802245c636bd092715894f56e5c09d8e52b4ac1aa7ccf76c91041c2772ec",
    "https://esm.sh/v135/unified@11.0.4/denonext/unified.mjs": "53c0d08ac60e982cbceb7b51cecbe72412a16e2b8c2d373c9533ab1750ff54e6",
    "https://esm.sh/v135/unist-util-is@6.0.0/denonext/unist-util-is.mjs": "d92da46b3a1084450f150cc06c02f3bf85b93ab4c4b43a960d72a4f5678e95cc",
    "https://esm.sh/v135/unist-util-stringify-position@4.0.0/denonext/unist-util-stringify-position.mjs": "dabd32cb2b590bbb077fc6f6591a2e065cffd6c55646ba383455926a27ea64d7",
    "https://esm.sh/v135/unist-util-visit-parents@6.0.1/denonext/do-not-use-color.js": "a1c0a6b93471dd4ed996804dd8a2b9f753c83c4a2da98373253e6b312c8492e2",
    "https://esm.sh/v135/unist-util-visit-parents@6.0.1/denonext/unist-util-visit-parents.mjs": "5f7ececae47bea6d87b7e323153a7415ad8f299dc42e61aefda6d28eaf264c64",
    "https://esm.sh/v135/unist-util-visit@5.0.0/denonext/unist-util-visit.mjs": "6c1b5b3d517cc6dbc88406b2dbab1735d503a797e994dbd4a89f3764098318f7",
    "https://esm.sh/v135/unpipe@1.0.0/denonext/unpipe.mjs": "46c65a06d46ec6b3e9f3fda014053928fe62397a3d894cbb56b13bc25a385bc0",
    "https://esm.sh/v135/utils-merge@1.0.1/denonext/utils-merge.mjs": "0a8a3925b476b5a94da272bb8fbb63728b725185a80b28492825dfb3ca3a3542",
    "https://esm.sh/v135/vary@1.1.2/denonext/vary.mjs": "119fef5a9e3d5a74c698ded1a4edd8acfdf75db69c6daabf631bd773964ac860",
    "https://esm.sh/v135/vfile-message@4.0.2/denonext/vfile-message.mjs": "efc85b18bedda337fb1c20cdc452fac3addac32ee55948cebf2845396ae641ac",
    "https://esm.sh/v135/vfile@6.0.1/denonext/do-not-use-conditional-minpath.js": "9a7ca0443aa0dff4d6a74822ba54cd1a5077a75d2f740d4d99cd8897a7f62a3c",
    "https://esm.sh/v135/vfile@6.0.1/denonext/do-not-use-conditional-minproc.js": "34e683b50c7d1e17a90a522afafcdb032ceaeff2e0eb5dbca28f9b4783de73ba",
    "https://esm.sh/v135/vfile@6.0.1/denonext/do-not-use-conditional-minurl.js": "79e90ed8915870371874d7ca17f8cbb3a8cab5b4e054bbcff85f7c91df32d0ba",
    "https://esm.sh/v135/vfile@6.0.1/denonext/vfile.mjs": "31065c960cf79824afc0bc6890688c540f09d067eb5415effb7fafac6ef33c13",
    "https://esm.sh/v135/yaml@2.3.4/denonext/yaml.mjs": "e02d2f312d4296e7c6c54a5c9d1c0a82466adb282d8540d4e00cd07574a117fb",
    "https://esm.sh/v135/zwitch@2.0.4/denonext/zwitch.mjs": "c0e8c246a1f38b425335ea78cc366a7801d3ef89701229a35f85a51310e6e49f",
    "https://esm.sh/yaml@2.3.4": "02c08b605ff88b6d2f14f1b83f8ec9be2e933b64887107e7042491d41a4ed4aa"
  }
}
